
Microsoft Visual Studio Solution File, Format Version 12.00
# Visual Studio 15
VisualStudioVersion = 15.0.28307.572
MinimumVisualStudioVersion = 10.0.40219.1
Project("{FAE04EC0-301F-11D3-BF4B-00C04F79EFBC}") = "sdubackend", "sdubackend\sdubackend.csproj", "{C7A63E1A-6915-4165-A6C8-4E647895A3EA}"
EndProject
Project("{FAE04EC0-301F-11D3-BF4B-00C04F79EFBC}") = "sdubackendapi", "sdubackendapi\sdubackendapi.csproj", "{77DD6956-2508-4533-AAF4-1A16F7E7C08C}"
EndProject
Global
	GlobalSection(SolutionConfigurationPlatforms) = preSolution
		Debug|Any CPU = Debug|Any CPU
		Release|Any CPU = Release|Any CPU
	EndGlobalSection
	GlobalSection(ProjectConfigurationPlatforms) = postSolution
		{C7A63E1A-6915-4165-A6C8-4E647895A3EA}.Debug|Any CPU.ActiveCfg = Debug|Any CPU
		{C7A63E1A-6915-4165-A6C8-4E647895A3EA}.Debug|Any CPU.Build.0 = Debug|Any CPU
		{C7A63E1A-6915-4165-A6C8-4E647895A3EA}.Release|Any CPU.ActiveCfg = Release|Any CPU
		{C7A63E1A-6915-4165-A6C8-4E647895A3EA}.Release|Any CPU.Build.0 = Release|Any CPU
		{77DD6956-2508-4533-AAF4-1A16F7E7C08C}.Debug|Any CPU.ActiveCfg = Debug|Any CPU
		{77DD6956-2508-4533-AAF4-1A16F7E7C08C}.Debug|Any CPU.Build.0 = Debug|Any CPU
		{77DD6956-2508-4533-AAF4-1A16F7E7C08C}.Release|Any CPU.ActiveCfg = Release|Any CPU
		{77DD6956-2508-4533-AAF4-1A16F7E7C08C}.Release|Any CPU.Build.0 = Release|Any CPU
	EndGlobalSection
	GlobalSection(SolutionProperties) = preSolution
		HideSolutionNode = FALSE
	EndGlobalSection
	GlobalSection(ExtensibilityGlobals) = postSolution
		SolutionGuid = {D2A375E3-89C7-44CC-AF22-4166310CCEE0}
	EndGlobalSection
EndGlobal
